{
    "_readme": [
        "This file locks the dependencies of your project to a known state",
        "Read more about it at https://getcomposer.org/doc/01-basic-usage.md#installing-dependencies",
        "This file is @generated automatically"
    ],
    "content-hash": "a5457919294624a47306bc6f95c1e9ae",
    "packages": [
        {
            "name": "brick/math",
            "version": "0.14.8",
            "source": {
                "type": "git",
                "url": "https://github.com/brick/math.git",
                "reference": "63422359a44b7f06cae63c3b429b59e8efcc0629"
            },
            "dist": {
                "type": "zip",
                "url": "https://api.github.com/repos/brick/math/zipball/63422359a44b7f06cae63c3b429b59e8efcc0629",
                "reference": "63422359a44b7f06cae63c3b429b59e8efcc0629",
                "shasum": ""
            },
            "require": {
                "php": "^8.2"
            },
            "require-dev": {
                "php-coveralls/php-coveralls": "^2.2",
                "phpstan/phpstan": "2.1.22",
                "phpunit/phpunit": "^11.5"
            },
            "type": "library",
            "autoload": {
                "psr-4": {
                    "Brick\\Math\\": "src/"
                }
            },
            "notification-url": "https://packagist.org/downloads/",
            "license": [
                "MIT"
            ],
            "description": "Arbitrary-precision arithmetic library",
            "keywords": [
                "Arbitrary-precision",
                "BigInteger",
                "BigRational",
                "arithmetic",
                "bigdecimal",
                "bignum",
                "bignumber",
                "brick",
                "decimal",
                "integer",
                "math",
                "mathematics",
                "rational"
            ],
            "support": {
                "issues": "https://github.com/brick/math/issues",
                "source": "https://github.com/brick/math/tree/0.14.8"
            },
            "funding": [
                {
                    "url": "https://github.com/BenMorel",
                    "type": "github"
                }
            ],
            "time": "2026-02-10T14:33:43+00:00"
        },
        {
            "name": "carbonphp/carbon-doctrine-types",
            "version": "3.2.0",
            "source": {
                "type": "git",
                "url": "https://github.com/CarbonPHP/carbon-doctrine-types.git",
                "reference": "18ba5ddfec8976260ead6e866180bd5d2f71aa1d"
            },
            "dist": {
                "type": "zip",
                "url": "https://api.github.com/repos/CarbonPHP/carbon-doctrine-types/zipball/18ba5ddfec8976260ead6e866180bd5d2f71aa1d",
                "reference": "18ba5ddfec8976260ead6e866180bd5d2f71aa1d",
                "shasum": ""
            },
            "require": {
                "php": "^8.1"
            },
            "conflict": {
                "doctrine/dbal": "<4.0.0 || >=5.0.0"
            },
            "require-dev": {
                "doctrine/dbal": "^4.0.0",
                "nesbot/carbon": "^2.71.0 || ^3.0.0",
                "phpunit/phpunit": "^10.3"
            },
            "type": "library",
            "autoload": {
                "psr-4": {
                    "Carbon\\Doctrine\\": "src/Carbon/Doctrine/"
                }
            },
            "notification-url": "https://packagist.org/downloads/",
            "license": [
                "MIT"
            ],
            "authors": [
                {
                    "name": "KyleKatarn",
                    "email": "kylekatarnls@gmail.com"
                }
            ],
            "description": "Types to use Carbon in Doctrine",
            "keywords": [
                "carbon",
                "date",
                "datetime",
                "doctrine",
                "time"
            ],
            "support": {
                "issues": "https://github.com/CarbonPHP/carbon-doctrine-types/issues",
                "source": "https://github.com/CarbonPHP/carbon-doctrine-types/tree/3.2.0"
            },
            "funding": [
                {
                    "url": "https://github.com/kylekatarnls",
                    "type": "github"
                },
                {
                    "url": "https://opencollective.com/Carbon",
                    "type": "open_collective"
                },
                {
                    "url": "https://tidelift.com/funding/github/packagist/nesbot/carbon",
                    "type": "tidelift"
                }
            ],
            "time": "2024-02-09T16:56:22+00:00"
        },
        {
            "name": "dflydev/dot-access-data",
            "version": "v3.0.3",
            "source": {
                "type": "git",
                "url": "https://github.com/dflydev/dflydev-dot-access-data.git",
                "reference": "a23a2bf4f31d3518f3ecb38660c95715dfead60f"
            },
            "dist": {
                "type": "zip",
                "url": "https://api.github.com/repos/dflydev/dflydev-dot-access-data/zipball/a23a2bf4f31d3518f3ecb38660c95715dfead60f",
                "reference": "a23a2bf4f31d3518f3ecb38660c95715dfead60f",
                "shasum": ""
            },
            "require": {
                "php": "^7.1 || ^8.0"
            },
            "require-dev": {
                "phpstan/phpstan": "^0.12.42",
                "phpunit/phpunit": "^7.5 || ^8.5 || ^9.3",
                "scrutinizer/ocular": "1.6.0",
                "squizlabs/php_codesniffer": "^3.5",
                "vimeo/psalm": "^4.0.0"
            },
            "type": "library",
            "extra": {
                "branch-alias": {
                    "dev-main": "3.x-dev"
                }
            },
            "autoload": {
                "psr-4": {
                    "Dflydev\\DotAccessData\\": "src/"
                }
            },
            "notification-url": "https://packagist.org/downloads/",
            "license": [
                "MIT"
            ],
            "authors": [
                {
                    "name": "Dragonfly Development Inc.",
                    "email": "info@dflydev.com",
                    "homepage": "http://dflydev.com"
                },
                {
                    "name": "Beau Simensen",
                    "email": "beau@dflydev.com",
                    "homepage": "http://beausimensen.com"
                },
                {
                    "name": "Carlos Frutos",
                    "email": "carlos@kiwing.it",
                    "homepage": "https://github.com/cfrutos"
                },
                {
                    "name": "Colin O'Dell",
                    "email": "colinodell@gmail.com",
                    "homepage": "https://www.colinodell.com"
                }
            ],
            "description": "Given a deep data structure, access data by dot notation.",
            "homepage": "https://github.com/dflydev/dflydev-dot-access-data",
            "keywords": [
                "access",
                "data",
                "dot",
                "notation"
            ],
            "support": {
                "issues": "https://github.com/dflydev/dflydev-dot-access-data/issues",
                "source": "https://github.com/dflydev/dflydev-dot-access-data/tree/v3.0.3"
            },
            "time": "2024-07-08T12:26:09+00:00"
        },
        {
            "name": "doctrine/inflector",
            "version": "2.1.0",
            "source": {
                "type": "git",
                "url": "https://github.com/doctrine/inflector.git",
                "reference": "6d6c96277ea252fc1304627204c3d5e6e15faa3b"
            },
            "dist": {
                "type": "zip",
                "url": "https://api.github.com/repos/doctrine/inflector/zipball/6d6c96277ea252fc1304627204c3d5e6e15faa3b",
                "reference": "6d6c96277ea252fc1304627204c3d5e6e15faa3b",
                "shasum": ""
            },
            "require": {
                "php": "^7.2 || ^8.0"
            },
            "require-dev": {
                "doctrine/coding-standard": "^12.0 || ^13.0",
                "phpstan/phpstan": "^1.12 || ^2.0",
                "phpstan/phpstan-phpunit": "^1.4 || ^2.0",
                "phpstan/phpstan-strict-rules": "^1.6 || ^2.0",
                "phpunit/phpunit": "^8.5 || ^12.2"
            },
            "type": "library",
            "autoload": {
                "psr-4": {
                    "Doctrine\\Inflector\\": "src"
                }
            },
            "notification-url": "https://packagist.org/downloads/",
            "license": [
                "MIT"
            ],
            "authors": [
                {
                    "name": "Guilherme Blanco",
                    "email": "guilhermeblanco@gmail.com"
                },
                {
                    "name": "Roman Borschel",
                    "email": "roman@code-factory.org"
                },
                {
                    "name": "Benjamin Eberlei",
                    "email": "kontakt@beberlei.de"
                },
                {
                    "name": "Jonathan Wage",
                    "email": "jonwage@gmail.com"
                },
                {
                    "name": "Johannes Schmitt",
                    "email": "schmittjoh@gmail.com"
                }
            ],
            "description": "PHP Doctrine Inflector is a small library that can perform string manipulations with regard to upper/lowercase and singular/plural forms of words.",
            "homepage": "https://www.doctrine-project.org/projects/inflector.html",
            "keywords": [
                "inflection",
                "inflector",
                "lowercase",
                "manipulation",
                "php",
                "plural",
                "singular",
                "strings",
                "uppercase",
                "words"
            ],
            "support": {
                "issues": "https://github.com/doctrine/inflector/issues",
                "source": "https://github.com/doctrine/inflector/tree/2.1.0"
            },
            "funding": [
                {
                    "url": "https://www.doctrine-project.org/sponsorship.html",
                    "type": "custom"
                },
                {
                    "url": "https://www.patreon.com/phpdoctrine",
                    "type": "patreon"
                },
                {
                    "url": "https://tidelift.com/funding/github/packagist/doctrine%2Finflector",
                    "type": "tidelift"
                }
            ],
            "time": "2025-08-10T19:31:58+00:00"
        },
        {
            "name": "doctrine/lexer",
            "version": "3.0.1",
            "source": {
                "type": "git",
                "url": "https://github.com/doctrine/lexer.git",
                "reference": "31ad66abc0fc9e1a1f2d9bc6a42668d2fbbcd6dd"
            },
            "dist": {
                "type": "zip",
                "url": "https://api.github.com/repos/doctrine/lexer/zipball/31ad66abc0fc9e1a1f2d9bc6a42668d2fbbcd6dd",
                "reference": "31ad66abc0fc9e1a1f2d9bc6a42668d2fbbcd6dd",
                "shasum": ""
            },
            "require": {
                "php": "^8.1"
            },
            "require-dev": {
                "doctrine/coding-standard": "^12",
                "phpstan/phpstan": "^1.10",
                "phpunit/phpunit": "^10.5",
                "psalm/plugin-phpunit": "^0.18.3",
                "vimeo/psalm": "^5.21"
            },
            "type": "library",
            "autoload": {
                "psr-4": {
                    "Doctrine\\Common\\Lexer\\": "src"
                }
            },
            "notification-url": "https://packagist.org/downloads/",
            "license": [
                "MIT"
            ],
            "authors": [
                {
                    "name": "Guilherme Blanco",
                    "email": "guilhermeblanco@gmail.com"
                },
                {
                    "name": "Roman Borschel",
                    "email": "roman@code-factory.org"
                },
                {
                    "name": "Johannes Schmitt",
                    "email": "schmittjoh@gmail.com"
                }
            ],
            "description": "PHP Doctrine Lexer parser library that can be used in Top-Down, Recursive Descent Parsers.",
            "homepage": "https://www.doctrine-project.org/projects/lexer.html",
            "keywords": [
                "annotations",
                "docblock",
                "lexer",
                "parser",
                "php"
            ],
            "support": {
                "issues": "https://github.com/doctrine/lexer/issues",
                "source": "https://github.com/doctrine/lexer/tree/3.0.1"
            },
            "funding": [
                {
                    "url": "https://www.doctrine-project.org/sponsorship.html",
                    "type": "custom"
                },
                {
                    "url": "https://www.patreon.com/phpdoctrine",
                    "type": "patreon"
                },
                {
                    "url": "https://tidelift.com/funding/github/packagist/doctrine%2Flexer",
                    "type": "tidelift"
                }
            ],
            "time": "2024-02-05T11:56:58+00:00"
        },
        {
            "name": "dragonmantank/cron-expression",
            "version": "v3.6.0",
            "source": {
                "type": "git",
                "url": "https://github.com/dragonmantank/cron-expression.git",
                "reference": "d61a8a9604ec1f8c3d150d09db6ce98b32675013"
            },
            "dist": {
                "type": "zip",
                "url": "https://api.github.com/repos/dragonmantank/cron-expression/zipball/d61a8a9604ec1f8c3d150d09db6ce98b32675013",
                "reference": "d61a8a9604ec1f8c3d150d09db6ce98b32675013",
                "shasum": ""
            },
            "require": {
                "php": "^8.2|^8.3|^8.4|^8.5"
            },
            "replace": {
                "mtdowling/cron-expression": "^1.0"
            },
            "require-dev": {
                "phpstan/extension-installer": "^1.4.3",
                "phpstan/phpstan": "^1.12.32|^2.1.31",
                "phpunit/phpunit": "^8.5.48|^9.0"
            },
            "type": "library",
            "extra": {
                "branch-alias": {
                    "dev-master": "3.x-dev"
                }
            },
            "autoload": {
                "psr-4": {
                    "Cron\\": "src/Cron/"
                }
            },
            "notification-url": "https://packagist.org/downloads/",
            "license": [
                "MIT"
            ],
            "authors": [
                {
                    "name": "Chris Tankersley",
                    "email": "chris@ctankersley.com",
                    "homepage": "https://github.com/dragonmantank"
                }
            ],
            "description": "CRON for PHP: Calculate the next or previous run date and determine if a CRON expression is due",
            "keywords": [
                "cron",
                "schedule"
            ],
            "support": {
                "issues": "https://github.com/dragonmantank/cron-expression/issues",
                "source": "https://github.com/dragonmantank/cron-expression/tree/v3.6.0"
            },
            "funding": [
                {
                    "url": "https://github.com/dragonmantank",
                    "type": "github"
                }
            ],
            "time": "2025-10-31T18:51:33+00:00"
        },
        {
            "name": "egulias/email-validator",
            "version": "4.0.4",
            "source": {
                "type": "git",
                "url": "https://github.com/egulias/EmailValidator.git",
                "reference": "d42c8731f0624ad6bdc8d3e5e9a4524f68801cfa"
            },
            "dist": {
                "type": "zip",
                "url": "https://api.github.com/repos/egulias/EmailValidator/zipball/d42c8731f0624ad6bdc8d3e5e9a4524f68801cfa",
                "reference": "d42c8731f0624ad6bdc8d3e5e9a4524f68801cfa",
                "shasum": ""
            },
            "require": {
                "doctrine/lexer": "^2.0 || ^3.0",
                "php": ">=8.1",
                "symfony/polyfill-intl-idn": "^1.26"
            },
            "require-dev": {
                "phpunit/phpunit": "^10.2",
                "vimeo/psalm": "^5.12"
            },
            "suggest": {
                "ext-intl": "PHP Internationalization Libraries are required to use the SpoofChecking validation"
            },
            "type": "library",
            "extra": {
                "branch-alias": {
                    "dev-master": "4.0.x-dev"
                }
            },
            "autoload": {
                "psr-4": {
                    "Egulias\\EmailValidator\\": "src"
                }
            },
            "notification-url": "https://packagist.org/downloads/",
            "license": [
                "MIT"
            ],
            "authors": [
                {
                    "name": "Eduardo Gulias Davis"
                }
            ],
            "description": "A library for validating emails against several RFCs",
            "homepage": "https://github.com/egulias/EmailValidator",
            "keywords": [
                "email",
                "emailvalidation",
                "emailvalidator",
                "validation",
                "validator"
            ],
            "support": {
                "issues": "https://github.com/egulias/EmailValidator/issues",
                "source": "https://github.com/egulias/EmailValidator/tree/4.0.4"
            },
            "funding": [
                {
                  …73346 tokens truncated…cy",
                "source": "https://github.com/sebastianbergmann/global-state/tree/7.0.2"
            },
            "funding": [
                {
                    "url": "https://github.com/sebastianbergmann",
                    "type": "github"
                }
            ],
            "time": "2024-07-03T04:57:36+00:00"
        },
        {
            "name": "sebastian/lines-of-code",
            "version": "3.0.1",
            "source": {
                "type": "git",
                "url": "https://github.com/sebastianbergmann/lines-of-code.git",
                "reference": "d36ad0d782e5756913e42ad87cb2890f4ffe467a"
            },
            "dist": {
                "type": "zip",
                "url": "https://api.github.com/repos/sebastianbergmann/lines-of-code/zipball/d36ad0d782e5756913e42ad87cb2890f4ffe467a",
                "reference": "d36ad0d782e5756913e42ad87cb2890f4ffe467a",
                "shasum": ""
            },
            "require": {
                "nikic/php-parser": "^5.0",
                "php": ">=8.2"
            },
            "require-dev": {
                "phpunit/phpunit": "^11.0"
            },
            "type": "library",
            "extra": {
                "branch-alias": {
                    "dev-main": "3.0-dev"
                }
            },
            "autoload": {
                "classmap": [
                    "src/"
                ]
            },
            "notification-url": "https://packagist.org/downloads/",
            "license": [
                "BSD-3-Clause"
            ],
            "authors": [
                {
                    "name": "Sebastian Bergmann",
                    "email": "sebastian@phpunit.de",
                    "role": "lead"
                }
            ],
            "description": "Library for counting the lines of code in PHP source code",
            "homepage": "https://github.com/sebastianbergmann/lines-of-code",
            "support": {
                "issues": "https://github.com/sebastianbergmann/lines-of-code/issues",
                "security": "https://github.com/sebastianbergmann/lines-of-code/security/policy",
                "source": "https://github.com/sebastianbergmann/lines-of-code/tree/3.0.1"
            },
            "funding": [
                {
                    "url": "https://github.com/sebastianbergmann",
                    "type": "github"
                }
            ],
            "time": "2024-07-03T04:58:38+00:00"
        },
        {
            "name": "sebastian/object-enumerator",
            "version": "6.0.1",
            "source": {
                "type": "git",
                "url": "https://github.com/sebastianbergmann/object-enumerator.git",
                "reference": "f5b498e631a74204185071eb41f33f38d64608aa"
            },
            "dist": {
                "type": "zip",
                "url": "https://api.github.com/repos/sebastianbergmann/object-enumerator/zipball/f5b498e631a74204185071eb41f33f38d64608aa",
                "reference": "f5b498e631a74204185071eb41f33f38d64608aa",
                "shasum": ""
            },
            "require": {
                "php": ">=8.2",
                "sebastian/object-reflector": "^4.0",
                "sebastian/recursion-context": "^6.0"
            },
            "require-dev": {
                "phpunit/phpunit": "^11.0"
            },
            "type": "library",
            "extra": {
                "branch-alias": {
                    "dev-main": "6.0-dev"
                }
            },
            "autoload": {
                "classmap": [
                    "src/"
                ]
            },
            "notification-url": "https://packagist.org/downloads/",
            "license": [
                "BSD-3-Clause"
            ],
            "authors": [
                {
                    "name": "Sebastian Bergmann",
                    "email": "sebastian@phpunit.de"
                }
            ],
            "description": "Traverses array structures and object graphs to enumerate all referenced objects",
            "homepage": "https://github.com/sebastianbergmann/object-enumerator/",
            "support": {
                "issues": "https://github.com/sebastianbergmann/object-enumerator/issues",
                "security": "https://github.com/sebastianbergmann/object-enumerator/security/policy",
                "source": "https://github.com/sebastianbergmann/object-enumerator/tree/6.0.1"
            },
            "funding": [
                {
                    "url": "https://github.com/sebastianbergmann",
                    "type": "github"
                }
            ],
            "time": "2024-07-03T05:00:13+00:00"
        },
        {
            "name": "sebastian/object-reflector",
            "version": "4.0.1",
            "source": {
                "type": "git",
                "url": "https://github.com/sebastianbergmann/object-reflector.git",
                "reference": "6e1a43b411b2ad34146dee7524cb13a068bb35f9"
            },
            "dist": {
                "type": "zip",
                "url": "https://api.github.com/repos/sebastianbergmann/object-reflector/zipball/6e1a43b411b2ad34146dee7524cb13a068bb35f9",
                "reference": "6e1a43b411b2ad34146dee7524cb13a068bb35f9",
                "shasum": ""
            },
            "require": {
                "php": ">=8.2"
            },
            "require-dev": {
                "phpunit/phpunit": "^11.0"
            },
            "type": "library",
            "extra": {
                "branch-alias": {
                    "dev-main": "4.0-dev"
                }
            },
            "autoload": {
                "classmap": [
                    "src/"
                ]
            },
            "notification-url": "https://packagist.org/downloads/",
            "license": [
                "BSD-3-Clause"
            ],
            "authors": [
                {
                    "name": "Sebastian Bergmann",
                    "email": "sebastian@phpunit.de"
                }
            ],
            "description": "Allows reflection of object attributes, including inherited and non-public ones",
            "homepage": "https://github.com/sebastianbergmann/object-reflector/",
            "support": {
                "issues": "https://github.com/sebastianbergmann/object-reflector/issues",
                "security": "https://github.com/sebastianbergmann/object-reflector/security/policy",
                "source": "https://github.com/sebastianbergmann/object-reflector/tree/4.0.1"
            },
            "funding": [
                {
                    "url": "https://github.com/sebastianbergmann",
                    "type": "github"
                }
            ],
            "time": "2024-07-03T05:01:32+00:00"
        },
        {
            "name": "sebastian/recursion-context",
            "version": "6.0.3",
            "source": {
                "type": "git",
                "url": "https://github.com/sebastianbergmann/recursion-context.git",
                "reference": "f6458abbf32a6c8174f8f26261475dc133b3d9dc"
            },
            "dist": {
                "type": "zip",
                "url": "https://api.github.com/repos/sebastianbergmann/recursion-context/zipball/f6458abbf32a6c8174f8f26261475dc133b3d9dc",
                "reference": "f6458abbf32a6c8174f8f26261475dc133b3d9dc",
                "shasum": ""
            },
            "require": {
                "php": ">=8.2"
            },
            "require-dev": {
                "phpunit/phpunit": "^11.3"
            },
            "type": "library",
            "extra": {
                "branch-alias": {
                    "dev-main": "6.0-dev"
                }
            },
            "autoload": {
                "classmap": [
                    "src/"
                ]
            },
            "notification-url": "https://packagist.org/downloads/",
            "license": [
                "BSD-3-Clause"
            ],
            "authors": [
                {
                    "name": "Sebastian Bergmann",
                    "email": "sebastian@phpunit.de"
                },
                {
                    "name": "Jeff Welch",
                    "email": "whatthejeff@gmail.com"
                },
                {
                    "name": "Adam Harvey",
                    "email": "aharvey@php.net"
                }
            ],
            "description": "Provides functionality to recursively process PHP variables",
            "homepage": "https://github.com/sebastianbergmann/recursion-context",
            "support": {
                "issues": "https://github.com/sebastianbergmann/recursion-context/issues",
                "security": "https://github.com/sebastianbergmann/recursion-context/security/policy",
                "source": "https://github.com/sebastianbergmann/recursion-context/tree/6.0.3"
            },
            "funding": [
                {
                    "url": "https://github.com/sebastianbergmann",
                    "type": "github"
                },
                {
                    "url": "https://liberapay.com/sebastianbergmann",
                    "type": "liberapay"
                },
                {
                    "url": "https://thanks.dev/u/gh/sebastianbergmann",
                    "type": "thanks_dev"
                },
                {
                    "url": "https://tidelift.com/funding/github/packagist/sebastian/recursion-context",
                    "type": "tidelift"
                }
            ],
            "time": "2025-08-13T04:42:22+00:00"
        },
        {
            "name": "sebastian/type",
            "version": "5.1.3",
            "source": {
                "type": "git",
                "url": "https://github.com/sebastianbergmann/type.git",
                "reference": "f77d2d4e78738c98d9a68d2596fe5e8fa380f449"
            },
            "dist": {
                "type": "zip",
                "url": "https://api.github.com/repos/sebastianbergmann/type/zipball/f77d2d4e78738c98d9a68d2596fe5e8fa380f449",
                "reference": "f77d2d4e78738c98d9a68d2596fe5e8fa380f449",
                "shasum": ""
            },
            "require": {
                "php": ">=8.2"
            },
            "require-dev": {
                "phpunit/phpunit": "^11.3"
            },
            "type": "library",
            "extra": {
                "branch-alias": {
                    "dev-main": "5.1-dev"
                }
            },
            "autoload": {
                "classmap": [
                    "src/"
                ]
            },
            "notification-url": "https://packagist.org/downloads/",
            "license": [
                "BSD-3-Clause"
            ],
            "authors": [
                {
                    "name": "Sebastian Bergmann",
                    "email": "sebastian@phpunit.de",
                    "role": "lead"
                }
            ],
            "description": "Collection of value objects that represent the types of the PHP type system",
            "homepage": "https://github.com/sebastianbergmann/type",
            "support": {
                "issues": "https://github.com/sebastianbergmann/type/issues",
                "security": "https://github.com/sebastianbergmann/type/security/policy",
                "source": "https://github.com/sebastianbergmann/type/tree/5.1.3"
            },
            "funding": [
                {
                    "url": "https://github.com/sebastianbergmann",
                    "type": "github"
                },
                {
                    "url": "https://liberapay.com/sebastianbergmann",
                    "type": "liberapay"
                },
                {
                    "url": "https://thanks.dev/u/gh/sebastianbergmann",
                    "type": "thanks_dev"
                },
                {
                    "url": "https://tidelift.com/funding/github/packagist/sebastian/type",
                    "type": "tidelift"
                }
            ],
            "time": "2025-08-09T06:55:48+00:00"
        },
        {
            "name": "sebastian/version",
            "version": "5.0.2",
            "source": {
                "type": "git",
                "url": "https://github.com/sebastianbergmann/version.git",
                "reference": "c687e3387b99f5b03b6caa64c74b63e2936ff874"
            },
            "dist": {
                "type": "zip",
                "url": "https://api.github.com/repos/sebastianbergmann/version/zipball/c687e3387b99f5b03b6caa64c74b63e2936ff874",
                "reference": "c687e3387b99f5b03b6caa64c74b63e2936ff874",
                "shasum": ""
            },
            "require": {
                "php": ">=8.2"
            },
            "type": "library",
            "extra": {
                "branch-alias": {
                    "dev-main": "5.0-dev"
                }
            },
            "autoload": {
                "classmap": [
                    "src/"
                ]
            },
            "notification-url": "https://packagist.org/downloads/",
            "license": [
                "BSD-3-Clause"
            ],
            "authors": [
                {
                    "name": "Sebastian Bergmann",
                    "email": "sebastian@phpunit.de",
                    "role": "lead"
                }
            ],
            "description": "Library that helps with managing the version number of Git-hosted PHP projects",
            "homepage": "https://github.com/sebastianbergmann/version",
            "support": {
                "issues": "https://github.com/sebastianbergmann/version/issues",
                "security": "https://github.com/sebastianbergmann/version/security/policy",
                "source": "https://github.com/sebastianbergmann/version/tree/5.0.2"
            },
            "funding": [
                {
                    "url": "https://github.com/sebastianbergmann",
                    "type": "github"
                }
            ],
            "time": "2024-10-09T05:16:32+00:00"
        },
        {
            "name": "staabm/side-effects-detector",
            "version": "1.0.5",
            "source": {
                "type": "git",
                "url": "https://github.com/staabm/side-effects-detector.git",
                "reference": "d8334211a140ce329c13726d4a715adbddd0a163"
            },
            "dist": {
                "type": "zip",
                "url": "https://api.github.com/repos/staabm/side-effects-detector/zipball/d8334211a140ce329c13726d4a715adbddd0a163",
                "reference": "d8334211a140ce329c13726d4a715adbddd0a163",
                "shasum": ""
            },
            "require": {
                "ext-tokenizer": "*",
                "php": "^7.4 || ^8.0"
            },
            "require-dev": {
                "phpstan/extension-installer": "^1.4.3",
                "phpstan/phpstan": "^1.12.6",
                "phpunit/phpunit": "^9.6.21",
                "symfony/var-dumper": "^5.4.43",
                "tomasvotruba/type-coverage": "1.0.0",
                "tomasvotruba/unused-public": "1.0.0"
            },
            "type": "library",
            "autoload": {
                "classmap": [
                    "lib/"
                ]
            },
            "notification-url": "https://packagist.org/downloads/",
            "license": [
                "MIT"
            ],
            "description": "A static analysis tool to detect side effects in PHP code",
            "keywords": [
                "static analysis"
            ],
            "support": {
                "issues": "https://github.com/staabm/side-effects-detector/issues",
                "source": "https://github.com/staabm/side-effects-detector/tree/1.0.5"
            },
            "funding": [
                {
                    "url": "https://github.com/staabm",
                    "type": "github"
                }
            ],
            "time": "2024-10-20T05:08:20+00:00"
        },
        {
            "name": "theseer/tokenizer",
            "version": "1.3.1",
            "source": {
                "type": "git",
                "url": "https://github.com/theseer/tokenizer.git",
                "reference": "b7489ce515e168639d17feec34b8847c326b0b3c"
            },
            "dist": {
                "type": "zip",
                "url": "https://api.github.com/repos/theseer/tokenizer/zipball/b7489ce515e168639d17feec34b8847c326b0b3c",
                "reference": "b7489ce515e168639d17feec34b8847c326b0b3c",
                "shasum": ""
            },
            "require": {
                "ext-dom": "*",
                "ext-tokenizer": "*",
                "ext-xmlwriter": "*",
                "php": "^7.2 || ^8.0"
            },
            "type": "library",
            "autoload": {
                "classmap": [
                    "src/"
                ]
            },
            "notification-url": "https://packagist.org/downloads/",
            "license": [
                "BSD-3-Clause"
            ],
            "authors": [
                {
                    "name": "Arne Blankerts",
                    "email": "arne@blankerts.de",
                    "role": "Developer"
                }
            ],
            "description": "A small library for converting tokenized PHP source code into XML and potentially other formats",
            "support": {
                "issues": "https://github.com/theseer/tokenizer/issues",
                "source": "https://github.com/theseer/tokenizer/tree/1.3.1"
            },
            "funding": [
                {
                    "url": "https://github.com/theseer",
                    "type": "github"
                }
            ],
            "time": "2025-11-17T20:03:58+00:00"
        }
    ],
    "aliases": [],
    "minimum-stability": "stable",
    "stability-flags": {},
    "prefer-stable": true,
    "prefer-lowest": false,
    "platform": {
        "php": "^8.3"
    },
    "platform-dev": {},
    "plugin-api-version": "2.9.0"
}
