{
    "_readme": [
        "This file locks the dependencies of your project to a known state",
        "Read more about it at https://getcomposer.org/doc/01-basic-usage.md#installing-dependencies",
        "This file is @generated automatically"
    ],
    "content-hash": "346cf8945e4c697336e995cbe463a458",
    "packages": [
        {
            "name": "brick/math",
            "version": "0.14.8",
            "source": {
                "type": "git",
                "url": "https://github.com/brick/math.git",
                "reference": "63422359a44b7f06cae63c3b429b59e8efcc0629"
            },
            "dist": {
                "type": "zip",
                "url": "https://api.github.com/repos/brick/math/zipball/63422359a44b7f06cae63c3b429b59e8efcc0629",
                "reference": "63422359a44b7f06cae63c3b429b59e8efcc0629",
                "shasum": ""
            },
            "require": {
                "php": "^8.2"
            },
            "require-dev": {
                "php-coveralls/php-coveralls": "^2.2",
                "phpstan/phpstan": "2.1.22",
                "phpunit/phpunit": "^11.5"
            },
            "type": "library",
            "autoload": {
                "psr-4": {
                    "Brick\\Math\\": "src/"
                }
            },
            "notification-url": "https://packagist.org/downloads/",
            "license": [
                "MIT"
            ],
            "description": "Arbitrary-precision arithmetic library",
            "keywords": [
                "Arbitrary-precision",
                "BigInteger",
                "BigRational",
                "arithmetic",
                "bigdecimal",
                "bignum",
                "bignumber",
                "brick",
                "decimal",
                "integer",
                "math",
                "mathematics",
                "rational"
            ],
            "support": {
                "issues": "https://github.com/brick/math/issues",
                "source": "https://github.com/brick/math/tree/0.14.8"
            },
            "funding": [
                {
                    "url": "https://github.com/BenMorel",
                    "type": "github"
                }
            ],
            "time": "2026-02-10T14:33:43+00:00"
        },
        {
            "name": "carbonphp/carbon-doctrine-types",
            "version": "3.2.0",
            "source": {
                "type": "git",
                "url": "https://github.com/CarbonPHP/carbon-doctrine-types.git",
                "reference": "18ba5ddfec8976260ead6e866180bd5d2f71aa1d"
            },
            "dist": {
                "type": "zip",
                "url": "https://api.github.com/repos/CarbonPHP/carbon-doctrine-types/zipball/18ba5ddfec8976260ead6e866180bd5d2f71aa1d",
                "reference": "18ba5ddfec8976260ead6e866180bd5d2f71aa1d",
                "shasum": ""
            },
            "require": {
                "php": "^8.1"
            },
            "conflict": {
                "doctrine/dbal": "<4.0.0 || >=5.0.0"
            },
            "require-dev": {
                "doctrine/dbal": "^4.0.0",
                "nesbot/carbon": "^2.71.0 || ^3.0.0",
                "phpunit/phpunit": "^10.3"
            },
            "type": "library",
            "autoload": {
                "psr-4": {
                    "Carbon\\Doctrine\\": "src/Carbon/Doctrine/"
                }
            },
            "notification-url": "https://packagist.org/downloads/",
            "license": [
                "MIT"
            ],
            "authors": [
                {
                    "name": "KyleKatarn",
                    "email": "kylekatarnls@gmail.com"
                }
            ],
            "description": "Types to use Carbon in Doctrine",
            "keywords": [
                "carbon",
                "date",
                "datetime",
                "doctrine",
                "time"
            ],
            "support": {
                "issues": "https://github.com/CarbonPHP/carbon-doctrine-types/issues",
                "source": "https://github.com/CarbonPHP/carbon-doctrine-types/tree/3.2.0"
            },
            "funding": [
                {
                    "url": "https://github.com/kylekatarnls",
                    "type": "github"
                },
                {
                    "url": "https://opencollective.com/Carbon",
                    "type": "open_collective"
                },
                {
                    "url": "https://tidelift.com/funding/github/packagist/nesbot/carbon",
                    "type": "tidelift"
                }
            ],
            "time": "2024-02-09T16:56:22+00:00"
        },
        {
            "name": "dflydev/dot-access-data",
            "version": "v3.0.3",
            "source": {
                "type": "git",
                "url": "https://github.com/dflydev/dflydev-dot-access-data.git",
                "reference": "a23a2bf4f31d3518f3ecb38660c95715dfead60f"
            },
            "dist": {
                "type": "zip",
                "url": "https://api.github.com/repos/dflydev/dflydev-dot-access-data/zipball/a23a2bf4f31d3518f3ecb38660c95715dfead60f",
                "reference": "a23a2bf4f31d3518f3ecb38660c95715dfead60f",
                "shasum": ""
            },
            "require": {
                "php": "^7.1 || ^8.0"
            },
            "require-dev": {
                "phpstan/phpstan": "^0.12.42",
                "phpunit/phpunit": "^7.5 || ^8.5 || ^9.3",
                "scrutinizer/ocular": "1.6.0",
                "squizlabs/php_codesniffer": "^3.5",
                "vimeo/psalm": "^4.0.0"
            },
            "type": "library",
            "extra": {
                "branch-alias": {
                    "dev-main": "3.x-dev"
                }
            },
            "autoload": {
                "psr-4": {
                    "Dflydev\\DotAccessData\\": "src/"
                }
            },
            "notification-url": "https://packagist.org/downloads/",
            "license": [
                "MIT"
            ],
            "authors": [
                {
                    "name": "Dragonfly Development Inc.",
                    "email": "info@dflydev.com",
                    "homepage": "http://dflydev.com"
                },
                {
                    "name": "Beau Simensen",
                    "email": "beau@dflydev.com",
                    "homepage": "http://beausimensen.com"
                },
                {
                    "name": "Carlos Frutos",
                    "email": "carlos@kiwing.it",
                    "homepage": "https://github.com/cfrutos"
                },
                {
                    "name": "Colin O'Dell",
                    "email": "colinodell@gmail.com",
                    "homepage": "https://www.colinodell.com"
                }
            ],
            "description": "Given a deep data structure, access data by dot notation.",
            "homepage": "https://github.com/dflydev/dflydev-dot-access-data",
            "keywords": [
                "access",
                "data",
                "dot",
                "notation"
            ],
            "support": {
                "issues": "https://github.com/dflydev/dflydev-dot-access-data/issues",
                "source": "https://github.com/dflydev/dflydev-dot-access-data/tree/v3.0.3"
            },
            "time": "2024-07-08T12:26:09+00:00"
        },
        {
            "name": "doctrine/inflector",
            "version": "2.1.0",
            "source": {
                "type": "git",
                "url": "https://github.com/doctrine/inflector.git",
                "reference": "6d6c96277ea252fc1304627204c3d5e6e15faa3b"
            },
            "dist": {
                "type": "zip",
                "url": "https://api.github.com/repos/doctrine/inflector/zipball/6d6c96277ea252fc1304627204c3d5e6e15faa3b",
                "reference": "6d6c96277ea252fc1304627204c3d5e6e15faa3b",
                "shasum": ""
            },
            "require": {
                "php": "^7.2 || ^8.0"
            },
            "require-dev": {
                "doctrine/coding-standard": "^12.0 || ^13.0",
                "phpstan/phpstan": "^1.12 || ^2.0",
                "phpstan/phpstan-phpunit": "^1.4 || ^2.0",
                "phpstan/phpstan-strict-rules": "^1.6 || ^2.0",
                "phpunit/phpunit": "^8.5 || ^12.2"
            },
            "type": "library",
            "autoload": {
                "psr-4": {
                    "Doctrine\\Inflector\\": "src"
                }
            },
            "notification-url": "https://packagist.org/downloads/",
            "license": [
                "MIT"
            ],
            "authors": [
                {
                    "name": "Guilherme Blanco",
                    "email": "guilhermeblanco@gmail.com"
                },
                {
                    "name": "Roman Borschel",
                    "email": "roman@code-factory.org"
                },
                {
                    "name": "Benjamin Eberlei",
                    "email": "kontakt@beberlei.de"
                },
                {
                    "name": "Jonathan Wage",
                    "email": "jonwage@gmail.com"
                },
                {
                    "name": "Johannes Schmitt",
                    "email": "schmittjoh@gmail.com"
                }
            ],
            "description": "PHP Doctrine Inflector is a small library that can perform string manipulations with regard to upper/lowercase and singular/plural forms of words.",
            "homepage": "https://www.doctrine-project.org/projects/inflector.html",
            "keywords": [
                "inflection",
                "inflector",
                "lowercase",
                "manipulation",
                "php",
                "plural",
                "singular",
                "strings",
                "uppercase",
                "words"
            ],
            "support": {
                "issues": "https://github.com/doctrine/inflector/issues",
                "source": "https://github.com/doctrine/inflector/tree/2.1.0"
            },
            "funding": [
                {
                    "url": "https://www.doctrine-project.org/sponsorship.html",
                    "type": "custom"
                },
                {
                    "url": "https://www.patreon.com/phpdoctrine",
                    "type": "patreon"
                },
                {
                    "url": "https://tidelift.com/funding/github/packagist/doctrine%2Finflector",
                    "type": "tidelift"
                }
            ],
            "time": "2025-08-10T19:31:58+00:00"
        },
        {
            "name": "doctrine/lexer",
            "version": "3.0.1",
            "source": {
                "type": "git",
                "url": "https://github.com/doctrine/lexer.git",
                "reference": "31ad66abc0fc9e1a1f2d9bc6a42668d2fbbcd6dd"
            },
            "dist": {
                "type": "zip",
                "url": "https://api.github.com/repos/doctrine/lexer/zipball/31ad66abc0fc9e1a1f2d9bc6a42668d2fbbcd6dd",
                "reference": "31ad66abc0fc9e1a1f2d9bc6a42668d2fbbcd6dd",
                "shasum": ""
            },
            "require": {
                "php": "^8.1"
            },
            "require-dev": {
                "doctrine/coding-standard": "^12",
                "phpstan/phpstan": "^1.10",
                "phpunit/phpunit": "^10.5",
                "psalm/plugin-phpunit": "^0.18.3",
                "vimeo/psalm": "^5.21"
            },
            "type": "library",
            "autoload": {
                "psr-4": {
                    "Doctrine\\Common\\Lexer\\": "src"
                }
            },
            "notification-url": "https://packagist.org/downloads/",
            "license": [
                "MIT"
            ],
            "authors": [
                {
                    "name": "Guilherme Blanco",
                    "email": "guilhermeblanco@gmail.com"
                },
                {
                    "name": "Roman Borschel",
                    "email": "roman@code-factory.org"
                },
                {
                    "name": "Johannes Schmitt",
                    "email": "schmittjoh@gmail.com"
                }
            ],
            "description": "PHP Doctrine Lexer parser library that can be us…112871 tokens truncated…p:0}@media(max-width:700px){.top{padding:1rem}table{display:block;overflow:auto}}
    </style>
</head>
<body>
@auth
    <header class="top"><a class="brand" href="{{ route('leads.index') }}">Commerciale AI</a><div>{{ app(\App\Support\Tenancy\TenantContext::class)->organization()?->name }} · {{ auth()->user()->name }} <form method="post" action="{{ route('logout') }}" style="display:inline">@csrf <button class="btn btn-muted" type="submit">Esci</button></form></div></header>
@endauth
<main class="container">
    @if(session('status'))<div class="notice">{{ session('status') }}</div>@endif
    @yield('content')
</main>
</body>
</html>
